// !$*UTF8*$!
{
	archiveVersion = 1;
	classes = {
	};
	objectVersion = 50;
	objects = {

/* Begin PBXBuildFile section */
		3C096A6B2378D47800E5368F /* CollectionsVC.swift in Sources */ = {isa = PBXBuildFile; fileRef = 3C096A6A2378D47800E5368F /* CollectionsVC.swift */; };
		3C13E41D2370D53400301711 /* AppDelegate.swift in Sources */ = {isa = PBXBuildFile; fileRef = 3C13E41C2370D53400301711 /* AppDelegate.swift */; };
		3C13E41F2370D53400301711 /* SceneDelegate.swift in Sources */ = {isa = PBXBuildFile; fileRef = 3C13E41E2370D53400301711 /* SceneDelegate.swift */; };
		3C13E4212370D53400301711 /* SearchVC.swift in Sources */ = {isa = PBXBuildFile; fileRef = 3C13E4202370D53400301711 /* SearchVC.swift */; };
		3C13E4242370D53400301711 /* Main.storyboard in Resources */ = {isa = PBXBuildFile; fileRef = 3C13E4222370D53400301711 /* Main.storyboard */; };
		3C13E4262370D53500301711 /* Assets.xcassets in Resources */ = {isa = PBXBuildFile; fileRef = 3C13E4252370D53500301711 /* Assets.xcassets */; };
		3C13E4292370D53500301711 /* LaunchScreen.storyboard in Resources */ = {isa = PBXBuildFile; fileRef = 3C13E4272370D53500301711 /* LaunchScreen.storyboard */; };
		3C13E4342370D53500301711 /* fourSquareMapTests.swift in Sources */ = {isa = PBXBuildFile; fileRef = 3C13E4332370D53500301711 /* fourSquareMapTests.swift */; };
		3C1EA1882378E94E003F1DCF /* ListViewController.swift in Sources */ = {isa = PBXBuildFile; fileRef = 3C1EA1872378E94E003F1DCF /* ListViewController.swift */; };
		3CB26ED3238327C700F63B45 /* Image.swift in Sources */ = {isa = PBXBuildFile; fileRef = 3CB26ED2238327C700F63B45 /* Image.swift */; };
		3CB69E852381C2FD0007FB4E /* ListTVCell.swift in Sources */ = {isa = PBXBuildFile; fileRef = 3CB69E842381C2FD0007FB4E /* ListTVCell.swift */; };
		3CB69E872381D33C0007FB4E /* LocationModel.swift in Sources */ = {isa = PBXBuildFile; fileRef = 3CB69E862381D33C0007FB4E /* LocationModel.swift */; };
		3CB69E892381D3AC0007FB4E /* AppError.swift in Sources */ = {isa = PBXBuildFile; fileRef = 3CB69E882381D3AC0007FB4E /* AppError.swift */; };
		3CB69E8B2381D4100007FB4E /* ImageHelper.swift in Sources */ = {isa = PBXBuildFile; fileRef = 3CB69E8A2381D4100007FB4E /* ImageHelper.swift */; };
		3CB69E8D2381D4550007FB4E /* NetworkManager.swift in Sources */ = {isa = PBXBuildFile; fileRef = 3CB69E8C2381D4550007FB4E /* NetworkManager.swift */; };
		3CB69E8F2381D4F20007FB4E /* VenueAPIClient.swift in Sources */ = {isa = PBXBuildFile; fileRef = 3CB69E8E2381D4F20007FB4E /* VenueAPIClient.swift */; };
		3CB69E932381E7F70007FB4E /* CollectionsVCCollectionCell.swift in Sources */ = {isa = PBXBuildFile; fileRef = 3CB69E922381E7F70007FB4E /* CollectionsVCCollectionCell.swift */; };
/* End PBXBuildFile section */

/* Begin PBXContainerItemProxy section */
		3C13E4302370D53500301711 /* PBXContainerItemProxy */ = {
			isa = PBXContainerItemProxy;
			containerPortal = 3C13E4112370D53400301711 /* Project object */;
			proxyType = 1;
			remoteGlobalIDString = 3C13E4182370D53400301711;
			remoteInfo = fourSquareMap;
		};
/* End PBXContainerItemProxy section */

/* Begin PBXFileReference section */
		3C096A6A2378D47800E5368F /* CollectionsVC.swift */ = {isa = PBXFileReference; lastKnownFileType = sourcecode.swift; path = CollectionsVC.swift; sourceTree = "<group>"; };
		3C13E4192370D53400301711 /* fourSquareMap.app */ = {isa = PBXFileReference; explicitFileType = wrapper.application; includeInIndex = 0; path = fourSquareMap.app; sourceTree = BUILT_PRODUCTS_DIR; };
		3C13E41C2370D53400301711 /* AppDelegate.swift */ = {isa = PBXFileReference; lastKnownFileType = sourcecode.swift; path = AppDelegate.swift; sourceTree = "<group>"; };
		3C13E41E2370D53400301711 /* SceneDelegate.swift */ = {isa = PBXFileReference; lastKnownFileType = sourcecode.swift; path = SceneDelegate.swift; sourceTree = "<group>"; };
		3C13E4202370D53400301711 /* SearchVC.swift */ = {isa = PBXFileReference; lastKnownFileType = sourcecode.swift; path = SearchVC.swift; sourceTree = "<group>"; };
		3C13E4232370D53400301711 /* Base */ = {isa = PBXFileReference; lastKnownFileType = file.storyboard; name = Base; path = Base.lproj/Main.storyboard; sourceTree = "<group>"; };
		3C13E4252370D53500301711 /* Assets.xcassets */ = {isa = PBXFileReference; lastKnownFileType = folder.assetcatalog; path = Assets.xcassets; sourceTree = "<group>"; };
		3C13E4282370D53500301711 /* Base */ = {isa = PBXFileReference; lastKnownFileType = file.storyboard; name = Base; path = Base.lproj/LaunchScreen.storyboard; sourceTree = "<group>"; };
		3C13E42A2370D53500301711 /* Info.plist */ = {isa = PBXFileReference; lastKnownFileType = text.plist.xml; path = Info.plist; sourceTree = "<group>"; };
		3C13E42F2370D53500301711 /* fourSquareMapTests.xctest */ = {isa = PBXFileReference; explicitFileType = wrapper.cfbundle; includeInIndex = 0; path = fourSquareMapTests.xctest; sourceTree = BUILT_PRODUCTS_DIR; };
		3C13E4332370D53500301711 /* fourSquareMapTests.swift */ = {isa = PBXFileReference; lastKnownFileType = sourcecode.swift; path = fourSquareMapTests.swift; sourceTree = "<group>"; };
		3C13E4352370D53500301711 /* Info.plist */ = {isa = PBXFileReference; lastKnownFileType = text.plist.xml; path = Info.plist; sourceTree = "<group>"; };
		3C1EA1872378E94E003F1DCF /* ListViewController.swift */ = {isa = PBXFileReference; lastKnownFileType = sourcecode.swift; path = ListViewController.swift; sourceTree = "<group>"; };
		3CB26ED2238327C700F63B45 /* Image.swift */ = {isa = PBXFileReference; lastKnownFileType = sourcecode.swift; path = Image.swift; sourceTree = "<group>"; };
		3CB69E842381C2FD0007FB4E /* ListTVCell.swift */ = {isa = PBXFileReference; lastKnownFileType = sourcecode.swift; path = ListTVCell.swift; sourceTree = "<group>"; };
		3CB69E862381D33C0007FB4E /* LocationModel.swift */ = {isa = PBXFileReference; lastKnownFileType = sourcecode.swift; path = LocationModel.swift; sourceTree = "<group>"; };
		3CB69E882381D3AC0007FB4E /* AppError.swift */ = {isa = PBXFileReference; lastKnownFileType = sourcecode.swift; path = AppError.swift; sourceTree = "<group>"; };
		3CB69E8A2381D4100007FB4E /* ImageHelper.swift */ = {isa = PBXFileReference; lastKnownFileType = sourcecode.swift; path = ImageHelper.swift; sourceTree = "<group>"; };
		3CB69E8C2381D4550007FB4E /* NetworkManager.swift */ = {isa = PBXFileReference; lastKnownFileType = sourcecode.swift; path = NetworkManager.swift; sourceTree = "<group>"; };
		3CB69E8E2381D4F20007FB4E /* VenueAPIClient.swift */ = {isa = PBXFileReference; lastKnownFileType = sourcecode.swift; path = VenueAPIClient.swift; sourceTree = "<group>"; };
		3CB69E922381E7F70007FB4E /* CollectionsVCCollectionCell.swift */ = {isa = PBXFileReference; lastKnownFileType = sourcecode.swift; path = CollectionsVCCollectionCell.swift; sourceTree = "<group>"; };
/* End PBXFileReference section */

/* Begin PBXFrameworksBuildPhase section */
		3C13E4162370D53400301711 /* Frameworks */ = {
			isa = PBXFrameworksBuildPhase;
			buildActionMask = 2147483647;
			files = (
			);
			runOnlyForDeploymentPostprocessing = 0;
		};
		3C13E42C2370D53500301711 /* Frameworks */ = {
			isa = PBXFrameworksBuildPhase;
			buildActionMask = 2147483647;
			files = (
			);
			runOnlyForDeploymentPostprocessing = 0;
		};
/* End PBXFrameworksBuildPhase section */

/* Begin PBXGroup section */
		3C13E4102370D53400301711 = {
			isa = PBXGroup;
			children = (
				3C13E43E2370D5CE00301711 /* Models */,
				3C13E43F2370D5E000301711 /* Controllers */,
				3C13E4402370D5FD00301711 /* Views */,
				3C13E4412370D60A00301711 /* Helpers */,
				3C13E41B2370D53400301711 /* fourSquareMap */,
				3C13E4322370D53500301711 /* fourSquareMapTests */,
				3C13E41A2370D53400301711 /* Products */,
			);
			sourceTree = "<group>";
		};
		3C13E41A2370D53400301711 /* Products */ = {
			isa = PBXGroup;
			children = (
				3C13E4192370D53400301711 /* fourSquareMap.app */,
				3C13E42F2370D53500301711 /* fourSquareMapTests.xctest */,
			);
			name = Products;
			sourceTree = "<group>";
		};
		3C13E41B2370D53400301711 /* fourSquareMap */ = {
			isa = PBXGroup;
			children = (
				3C13E41C2370D53400301711 /* AppDelegate.swift */,
				3C13E41E2370D53400301711 /* SceneDelegate.swift */,
				3C13E4222370D53400301711 /* Main.storyboard */,
				3C13E4252370D53500301711 /* Assets.xcassets */,
				3C13E4272370D53500301711 /* LaunchScreen.storyboard */,
				3C13E42A2370D53500301711 /* Info.plist */,
			);
			path = fourSquareMap;
			sourceTree = "<group>";
		};
		3C13E4322370D53500301711 /* fourSquareMapTests */ = {
			isa = PBXGroup;
			children = (
				3C13E4332370D53500301711 /* fourSquareMapTests.swift */,
				3C13E4352370D53500301711 /* Info.plist */,
			);
			path = fourSquareMapTests;
			sourceTree = "<group>";
		};
		3C13E43E2370D5CE00301711 /* Models */ = {
			isa = PBXGroup;
			children = (
				3CB69E862381D33C0007FB4E /* LocationModel.swift */,
				3CB26ED2238327C700F63B45 /* Image.swift */,
			);
			path = Models;
			sourceTree = "<group>";
		};
		3C13E43F2370D5E000301711 /* Controllers */ = {
			isa = PBXGroup;
			children = (
				3C13E4202370D53400301711 /* SearchVC.swift */,
				3C1EA1872378E94E003F1DCF /* ListViewController.swift */,
				3C096A6A2378D47800E5368F /* CollectionsVC.swift */,
			);
			path = Controllers;
			sourceTree = "<group>";
		};
		3C13E4402370D5FD00301711 /* Views */ = {
			isa = PBXGroup;
			children = (
				3CB69E842381C2FD0007FB4E /* ListTVCell.swift */,
				3CB69E922381E7F70007FB4E /* CollectionsVCCollectionCell.swift */,
			);
			path = Views;
			sourceTree = "<group>";
		};
		3C13E4412370D60A00301711 /* Helpers */ = {
			isa = PBXGroup;
			children = (
				3CB69E882381D3AC0007FB4E /* AppError.swift */,
				3CB69E8A2381D4100007FB4E /* ImageHelper.swift */,
				3CB69E8C2381D4550007FB4E /* NetworkManager.swift */,
				3CB69E8E2381D4F20007FB4E /* VenueAPIClient.swift */,
			);
			path = Helpers;
			sourceTree = "<group>";
		};
/* End PBXGroup section */

/* Begin PBXNativeTarget section */
		3C13E4182370D53400301711 /* fourSquareMap */ = {
			isa = PBXNativeTarget;
			buildConfigurationList = 3C13E4382370D53500301711 /* Build configuration list for PBXNativeTarget "fourSquareMap" */;
			buildPhases = (
				3C13E4152370D53400301711 /* Sources */,
				3C13E4162370D53400301711 /* Frameworks */,
				3C13E4172370D53400301711 /* Resources */,
			);
			buildRules = (
			);
			dependencies = (
			);
			name = fourSquareMap;
			productName = fourSquareMap;
			productReference = 3C13E4192370D53400301711 /* fourSquareMap.app */;
			productType = "com.apple.product-type.application";
		};
		3C13E42E2370D53500301711 /* fourSquareMapTests */ = {
			isa = PBXNativeTarget;
			buildConfigurationList = 3C13E43B2370D53500301711 /* Build configuration list for PBXNativeTarget "fourSquareMapTests" */;
			buildPhases = (
				3C13E42B2370D53500301711 /* Sources */,
				3C13E42C2370D53500301711 /* Frameworks */,
				3C13E42D2370D53500301711 /* Resources */,
			);
			buildRules = (
			);
			dependencies = (
				3C13E4312370D53500301711 /* PBXTargetDependency */,
			);
			name = fourSquareMapTests;
			productName = fourSquareMapTests;
			productReference = 3C13E42F2370D53500301711 /* fourSquareMapTests.xctest */;
			productType = "com.apple.product-type.bundle.unit-test";
		};
/* End PBXNativeTarget section */

/* Begin PBXProject section */
		3C13E4112370D53400301711 /* Project object */ = {
			isa = PBXProject;
			attributes = {
				LastSwiftUpdateCheck = 1120;
				LastUpgradeCheck = 1120;
				ORGANIZATIONNAME = "Ian Cervone";
				TargetAttributes = {
					3C13E4182370D53400301711 = {
						CreatedOnToolsVersion = 11.2;
					};
					3C13E42E2370D53500301711 = {
						CreatedOnToolsVersion = 11.2;
						TestTargetID = 3C13E4182370D53400301711;
					};
				};
			};
			buildConfigurationList = 3C13E4142370D53400301711 /* Build configuration list for PBXProject "fourSquareMap" */;
			compatibilityVersion = "Xcode 9.3";
			developmentRegion = en;
			hasScannedForEncodings = 0;
			knownRegions = (
				en,
				Base,
			);
			mainGroup = 3C13E4102370D53400301711;
			productRefGroup = 3C13E41A2370D53400301711 /* Products */;
			projectDirPath = "";
			projectRoot = "";
			targets = (
				3C13E4182370D53400301711 /* fourSquareMap */,
				3C13E42E2370D53500301711 /* fourSquareMapTests */,
			);
		};
/* End PBXProject section */

/* Begin PBXResourcesBuildPhase section */
		3C13E4172370D53400301711 /* Resources */ = {
			isa = PBXResourcesBuildPhase;
			buildActionMask = 2147483647;
			files = (
				3C13E4292370D53500301711 /* LaunchScreen.storyboard in Resources */,
				3C13E4262370D53500301711 /* Assets.xcassets in Resources */,
				3C13E4242370D53400301711 /* Main.storyboard in Resources */,
			);
			runOnlyForDeploymentPostprocessing = 0;
		};
		3C13E42D2370D53500301711 /* Resources */ = {
			isa = PBXResourcesBuildPhase;
			buildActionMask = 2147483647;
			files = (
			);
			runOnlyForDeploymentPostprocessing = 0;
		};
/* End PBXResourcesBuildPhase section */

/* Begin PBXSourcesBuildPhase section */
		3C13E4152370D53400301711 /* Sources */ = {
			isa = PBXSourcesBuildPhase;
			buildActionMask = 2147483647;
			files = (
				3CB69E932381E7F70007FB4E /* CollectionsVCCollectionCell.swift in Sources */,
				3C096A6B2378D47800E5368F /* CollectionsVC.swift in Sources */,
				3C1EA1882378E94E003F1DCF /* ListViewController.swift in Sources */,
				3CB69E8D2381D4550007FB4E /* NetworkManager.swift in Sources */,
				3CB69E8B2381D4100007FB4E /* ImageHelper.swift in Sources */,
				3C13E4212370D53400301711 /* SearchVC.swift in Sources */,
				3CB26ED3238327C700F63B45 /* Image.swift in Sources */,
				3C13E41D2370D53400301711 /* AppDelegate.swift in Sources */,
				3CB69E892381D3AC0007FB4E /* AppError.swift in Sources */,
				3CB69E8F2381D4F20007FB4E /* VenueAPIClient.swift in Sources */,
				3C13E41F2370D53400301711 /* SceneDelegate.swift in Sources */,
				3CB69E872381D33C0007FB4E /* LocationModel.swift in Sources */,
				3CB69E852381C2FD0007FB4E /* ListTVCell.swift in Sources */,
			);
			runOnlyForDeploymentPostprocessing = 0;
		};
		3C13E42B2370D53500301711 /* Sources */ = {
			isa = PBXSourcesBuildPhase;
			buildActionMask = 2147483647;
			files = (
				3C13E4342370D53500301711 /* fourSquareMapTests.swift in Sources */,
			);
			runOnlyForDeploymentPostprocessing = 0;
		};
/* End PBXSourcesBuildPhase section */

/* Begin PBXTargetDependency section */
		3C13E4312370D53500301711 /* PBXTargetDependency */ = {
			isa = PBXTargetDependency;
			target = 3C13E4182370D53400301711 /* fourSquareMap */;
			targetProxy = 3C13E4302370D53500301711 /* PBXContainerItemProxy */;
		};
/* End PBXTargetDependency section */

/* Begin PBXVariantGroup section */
		3C13E4222370D53400301711 /* Main.storyboard */ = {
			isa = PBXVariantGroup;
			children = (
				3C13E4232370D53400301711 /* Base */,
			);
			name = Main.storyboard;
			sourceTree = "<group>";
		};
		3C13E4272370D53500301711 /* LaunchScreen.storyboard */ = {
			isa = PBXVariantGroup;
			children = (
				3C13E4282370D53500301711 /* Base */,
			);
			name = LaunchScreen.storyboard;
			sourceTree = "<group>";
		};
/* End PBXVariantGroup section */

/* Begin XCBuildConfiguration section */
		3C13E4362370D53500301711 /* Debug */ = {
			isa = XCBuildConfiguration;
			buildSettings = {
				ALWAYS_SEARCH_USER_PATHS = NO;
				CLANG_ANALYZER_NONNULL = YES;
				CLANG_ANALYZER_NUMBER_OBJECT_CONVERSION = YES_AGGRESSIVE;
				CLANG_CXX_LANGUAGE_STANDARD = "gnu++14";
				CLANG_CXX_LIBRARY = "libc++";
				CLANG_ENABLE_MODULES = YES;
				CLANG_ENABLE_OBJC_ARC = YES;
				CLANG_ENABLE_OBJC_WEAK = YES;
				CLANG_WARN_BLOCK_CAPTURE_AUTORELEASING = YES;
				CLANG_WARN_BOOL_CONVERSION = YES;
				CLANG_WARN_COMMA = YES;
				CLANG_WARN_CONSTANT_CONVERSION = YES;
				CLANG_WARN_DEPRECATED_OBJC_IMPLEMENTATIONS = YES;
				CLANG_WARN_DIRECT_OBJC_ISA_USAGE = YES_ERROR;
				CLANG_WARN_DOCUMENTATION_COMMENTS = YES;
				CLANG_WARN_EMPTY_BODY = YES;
				CLANG_WARN_ENUM_CONVERSION = YES;
				CLANG_WARN_INFINITE_RECURSION = YES;
				CLANG_WARN_INT_CONVERSION = YES;
				CLANG_WARN_NON_LITERAL_NULL_CONVERSION = YES;
				CLANG_WARN_OBJC_IMPLICIT_RETAIN_SELF = YES;
				CLANG_WARN_OBJC_LITERAL_CONVERSION = YES;
				CLANG_WARN_OBJC_ROOT_CLASS = YES_ERROR;
				CLANG_WARN_RANGE_LOOP_ANALYSIS = YES;
				CLANG_WARN_STRICT_PROTOTYPES = YES;
				CLANG_WARN_SUSPICIOUS_MOVE = YES;
				CLANG_WARN_UNGUARDED_AVAILABILITY = YES_AGGRESSIVE;
				CLANG_WARN_UNREACHABLE_CODE = YES;
				CLANG_WARN__DUPLICATE_METHOD_MATCH = YES;
				COPY_PHASE_STRIP = NO;
				DEBUG_INFORMATION_FORMAT = dwarf;
				ENABLE_STRICT_OBJC_MSGSEND = YES;
				ENABLE_TESTABILITY = YES;
				GCC_C_LANGUAGE_STANDARD = gnu11;
				GCC_DYNAMIC_NO_PIC = NO;
				GCC_NO_COMMON_BLOCKS = YES;
				GCC_OPTIMIZATION_LEVEL = 0;
				GCC_PREPROCESSOR_DEFINITIONS = (
					"DEBUG=1",
					"$(inherited)",
				);
				GCC_WARN_64_TO_32_BIT_CONVERSION = YES;
				GCC_WARN_ABOUT_RETURN_TYPE = YES_ERROR;
				GCC_WARN_UNDECLARED_SELECTOR = YES;
				GCC_WARN_UNINITIALIZED_AUTOS = YES_AGGRESSIVE;
				GCC_WARN_UNUSED_FUNCTION = YES;
				GCC_WARN_UNUSED_VARIABLE = YES;
				IPHONEOS_DEPLOYMENT_TARGET = 13.2;
				MTL_ENABLE_DEBUG_INFO = INCLUDE_SOURCE;
				MTL_FAST_MATH = YES;
				ONLY_ACTIVE_ARCH = YES;
				SDKROOT = iphoneos;
				SWIFT_ACTIVE_COMPILATION_CONDITIONS = DEBUG;
				SWIFT_OPTIMIZATION_LEVEL = "-Onone";
			};
			name = Debug;
		};
		3C13E4372370D53500301711 /* Release */ = {
			isa = XCBuildConfiguration;
			buildSettings = {
				ALWAYS_SEARCH_USER_PATHS = NO;
				CLANG_ANALYZER_NONNULL = YES;
				CLANG_ANALYZER_NUMBER_OBJECT_CONVERSION = YES_AGGRESSIVE;
				CLANG_CXX_LANGUAGE_STANDARD = "gnu++14";
				CLANG_CXX_LIBRARY = "libc++";
				CLANG_ENABLE_MODULES = YES;
				CLANG_ENABLE_OBJC_ARC = YES;
				CLANG_ENABLE_OBJC_WEAK = YES;
				CLANG_WARN_BLOCK_CAPTURE_AUTORELEASING = YES;
				CLANG_WARN_BOOL_CONVERSION = YES;
				CLANG_WARN_COMMA = YES;
				CLANG_WARN_CONSTANT_CONVERSION = YES;
				CLANG_WARN_DEPRECATED_OBJC_IMPLEMENTATIONS = YES;
				CLANG_WARN_DIRECT_OBJC_ISA_USAGE = YES_ERROR;
				CLANG_WARN_DOCUMENTATION_COMMENTS = YES;
				CLANG_WARN_EMPTY_BODY = YES;
				CLANG_WARN_ENUM_CONVERSION = YES;
				CLANG_WARN_INFINITE_RECURSION = YES;
				CLANG_WARN_INT_CONVERSION = YES;
				CLANG_WARN_NON_LITERAL_NULL_CONVERSION = YES;
				CLANG_WARN_OBJC_IMPLICIT_RETAIN_SELF = YES;
				CLANG_WARN_OBJC_LITERAL_CONVERSION = YES;
				CLANG_WARN_OBJC_ROOT_CLASS = YES_ERROR;
				CLANG_WARN_RANGE_LOOP_ANALYSIS = YES;
				CLANG_WARN_STRICT_PROTOTYPES = YES;
				CLANG_WARN_SUSPICIOUS_MOVE = YES;
				CLANG_WARN_UNGUARDED_AVAILABILITY = YES_AGGRESSIVE;
				CLANG_WARN_UNREACHABLE_CODE = YES;
				CLANG_WARN__DUPLICATE_METHOD_MATCH = YES;
				COPY_PHASE_STRIP = NO;
				DEBUG_INFORMATION_FORMAT = "dwarf-with-dsym";
				ENABLE_NS_ASSERTIONS = NO;
				ENABLE_STRICT_OBJC_MSGSEND = YES;
				GCC_C_LANGUAGE_STANDARD = gnu11;
				GCC_NO_COMMON_BLOCKS = YES;
				GCC_WARN_64_TO_32_BIT_CONVERSION = YES;
				GCC_WARN_ABOUT_RETURN_TYPE = YES_ERROR;
				GCC_WARN_UNDECLARED_SELECTOR = YES;
				GCC_WARN_UNINITIALIZED_AUTOS = YES_AGGRESSIVE;
				GCC_WARN_UNUSED_FUNCTION = YES;
				GCC_WARN_UNUSED_VARIABLE = YES;
				IPHONEOS_DEPLOYMENT_TARGET = 13.2;
				MTL_ENABLE_DEBUG_INFO = NO;
				MTL_FAST_MATH = YES;
				SDKROOT = iphoneos;
				SWIFT_COMPILATION_MODE = wholemodule;
				SWIFT_OPTIMIZATION_LEVEL = "-O";
				VALIDATE_PRODUCT = YES;
			};
			name = Release;
		};
		3C13E4392370D53500301711 /* Debug */ = {
			isa = XCBuildConfiguration;
			buildSettings = {
				ASSETCATALOG_COMPILER_APPICON_NAME = AppIcon;
				CODE_SIGN_STYLE = Automatic;
				INFOPLIST_FILE = fourSquareMap/Info.plist;
				LD_RUNPATH_SEARCH_PATHS = (
					"$(inherited)",
					"@executable_path/Frameworks",
				);
				PRODUCT_BUNDLE_IDENTIFIER = "pursuit-fellowship.fourSquareMap";
				PRODUCT_NAME = "$(TARGET_NAME)";
				SWIFT_VERSION = 5.0;
				TARGETED_DEVICE_FAMILY = "1,2";
			};
			name = Debug;
		};
		3C13E43A2370D53500301711 /* Release */ = {
			isa = XCBuildConfiguration;
			buildSettings = {
				ASSETCATALOG_COMPILER_APPICON_NAME = AppIcon;
				CODE_SIGN_STYLE = Automatic;
				INFOPLIST_FILE = fourSquareMap/Info.plist;
				LD_RUNPATH_SEARCH_PATHS = (
					"$(inherited)",
					"@executable_path/Frameworks",
				);
				PRODUCT_BUNDLE_IDENTIFIER = "pursuit-fellowship.fourSquareMap";
				PRODUCT_NAME = "$(TARGET_NAME)";
				SWIFT_VERSION = 5.0;
				TARGETED_DEVICE_FAMILY = "1,2";
			};
			name = Release;
		};
		3C13E43C2370D53500301711 /* Debug */ = {
			isa = XCBuildConfiguration;
			buildSettings = {
				ALWAYS_EMBED_SWIFT_STANDARD_LIBRARIES = YES;
				BUNDLE_LOADER = "$(TEST_HOST)";
				CODE_SIGN_STYLE = Automatic;
				INFOPLIST_FILE = fourSquareMapTests/Info.plist;
				IPHONEOS_DEPLOYMENT_TARGET = 13.2;
				LD_RUNPATH_SEARCH_PATHS = (
					"$(inherited)",
					"@executable_path/Frameworks",
					"@loader_path/Frameworks",
				);
				PRODUCT_BUNDLE_IDENTIFIER = "pursuit-fellowship.fourSquareMapTests";
				PRODUCT_NAME = "$(TARGET_NAME)";
				SWIFT_VERSION = 5.0;
				TARGETED_DEVICE_FAMILY = "1,2";
				TEST_HOST = "$(BUILT_PRODUCTS_DIR)/fourSquareMap.app/fourSquareMap";
			};
			name = Debug;
		};
		3C13E43D2370D53500301711 /* Release */ = {
			isa = XCBuildConfiguration;
			buildSettings = {
				ALWAYS_EMBED_SWIFT_STANDARD_LIBRARIES = YES;
				BUNDLE_LOADER = "$(TEST_HOST)";
				CODE_SIGN_STYLE = Automatic;
				INFOPLIST_FILE = fourSquareMapTests/Info.plist;
				IPHONEOS_DEPLOYMENT_TARGET = 13.2;
				LD_RUNPATH_SEARCH_PATHS = (
					"$(inherited)",
					"@executable_path/Frameworks",
					"@loader_path/Frameworks",
				);
				PRODUCT_BUNDLE_IDENTIFIER = "pursuit-fellowship.fourSquareMapTests";
				PRODUCT_NAME = "$(TARGET_NAME)";
				SWIFT_VERSION = 5.0;
				TARGETED_DEVICE_FAMILY = "1,2";
				TEST_HOST = "$(BUILT_PRODUCTS_DIR)/fourSquareMap.app/fourSquareMap";
			};
			name = Release;
		};
/* End XCBuildConfiguration section */

/* Begin XCConfigurationList section */
		3C13E4142370D53400301711 /* Build configuration list for PBXProject "fourSquareMap" */ = {
			isa = XCConfigurationList;
			buildConfigurations = (
				3C13E4362370D53500301711 /* Debug */,
				3C13E4372370D53500301711 /* Release */,
			);
			defaultConfigurationIsVisible = 0;
			defaultConfigurationName = Release;
		};
		3C13E4382370D53500301711 /* Build configuration list for PBXNativeTarget "fourSquareMap" */ = {
			isa = XCConfigurationList;
			buildConfigurations = (
				3C13E4392370D53500301711 /* Debug */,
				3C13E43A2370D53500301711 /* Release */,
			);
			defaultConfigurationIsVisible = 0;
			defaultConfigurationName = Release;
		};
		3C13E43B2370D53500301711 /* Build configuration list for PBXNativeTarget "fourSquareMapTests" */ = {
			isa = XCConfigurationList;
			buildConfigurations = (
				3C13E43C2370D53500301711 /* Debug */,
				3C13E43D2370D53500301711 /* Release */,
			);
			defaultConfigurationIsVisible = 0;
			defaultConfigurationName = Release;
		};
/* End XCConfigurationList section */
	};
	rootObject = 3C13E4112370D53400301711 /* Project object */;
}
